// !$*UTF8*$!
{
	archiveVersion = 1;
	classes = {
	};
	objectVersion = 50;
	objects = {

/* Begin PBXBuildFile section */
		3865835026BE72ED00B89A0B /* TextFieldDemoApp.swift in Sources */ = {isa = PBXBuildFile; fileRef = 3865834F26BE72ED00B89A0B /* TextFieldDemoApp.swift */; };
		3865835226BE72ED00B89A0B /* ContentView.swift in Sources */ = {isa = PBXBuildFile; fileRef = 3865835126BE72ED00B89A0B /* ContentView.swift */; };
		3865835426BE72F200B89A0B /* Assets.xcassets in Resources */ = {isa = PBXBuildFile; fileRef = 3865835326BE72F200B89A0B /* Assets.xcassets */; };
		3865835726BE72F200B89A0B /* Preview Assets.xcassets in Resources */ = {isa = PBXBuildFile; fileRef = 3865835626BE72F200B89A0B /* Preview Assets.xcassets */; };
		3865835F26BE751300B89A0B /* CustomTextFieldStyle.swift in Sources */ = {isa = PBXBuildFile; fileRef = 3865835E26BE751300B89A0B /* CustomTextFieldStyle.swift */; };
/* End PBXBuildFile section */

/* Begin PBXFileReference section */
		3865834C26BE72ED00B89A0B /* TextFieldDemo.app */ = {isa = PBXFileReference; explicitFileType = wrapper.application; includeInIndex = 0; path = TextFieldDemo.app; sourceTree = BUILT_PRODUCTS_DIR; };
		3865834F26BE72ED00B89A0B /* TextFieldDemoApp.swift */ = {isa = PBXFileReference; lastKnownFileType = sourcecode.swift; path = TextFieldDemoApp.swift; sourceTree = "<group>"; };
		3865835126BE72ED00B89A0B /* ContentView.swift */ = {isa = PBXFileReference; lastKnownFileType = sourcecode.swift; path = ContentView.swift; sourceTree = "<group>"; };
		3865835326BE72F200B89A0B /* Assets.xcassets */ = {isa = PBXFileReference; lastKnownFileType = folder.assetcatalog; path = Assets.xcassets; sourceTree = "<group>"; };
		3865835626BE72F200B89A0B /* Preview Assets.xcassets */ = {isa = PBXFileReference; lastKnownFileType = folder.assetcatalog; path = "Preview Assets.xcassets"; sourceTree = "<group>"; };
		3865835826BE72F200B89A0B /* Info.plist */ = {isa = PBXFileReference; lastKnownFileType = text.plist.xml; path = Info.plist; sourceTree = "<group>"; };
		3865835E26BE751300B89A0B /* CustomTextFieldStyle.swift */ = {isa = PBXFileReference; lastKnownFileType = sourcecode.swift; path = CustomTextFieldStyle.swift; sourceTree = "<group>"; };
/* End PBXFileReference section */

/* Begin PBXFrameworksBuildPhase section */
		3865834926BE72ED00B89A0B /* Frameworks */ = {
			isa = PBXFrameworksBuildPhase;
			buildActionMask = 2147483647;
			files = (
			);
			runOnlyForDeploymentPostprocessing = 0;
		};
/* End PBXFrameworksBuildPhase section */

/* Begin PBXGroup section */
		3865834326BE72ED00B89A0B = {
			isa = PBXGroup;
			children = (
				3865834E26BE72ED00B89A0B /* TextFieldDemo */,
				3865834D26BE72ED00B89A0B /* Products */,
			);
			sourceTree = "<group>";
		};
		3865834D26BE72ED00B89A0B /* Products */ = {
			isa = PBXGroup;
			children = (
				3865834C26BE72ED00B89A0B /* TextFieldDemo.app */,
			);
			name = Products;
			sourceTree = "<group>";
		};
		3865834E26BE72ED00B89A0B /* TextFieldDemo */ = {
			isa = PBXGroup;
			children = (
				3865834F26BE72ED00B89A0B /* TextFieldDemoApp.swift */,
				3865835126BE72ED00B89A0B /* ContentView.swift */,
				3865835E26BE751300B89A0B /* CustomTextFieldStyle.swift */,
				3865835326BE72F200B89A0B /* Assets.xcassets */,
				3865835826BE72F200B89A0B /* Info.plist */,
				3865835526BE72F200B89A0B /* Preview Content */,
			);
			path = TextFieldDemo;
			sourceTree = "<group>";
		};
		3865835526BE72F200B89A0B /* Preview Content */ = {
			isa = PBXGroup;
			children = (
				3865835626BE72F200B89A0B /* Preview Assets.xcassets */,
			);
			path = "Preview Content";
			sourceTree = "<group>";
		};
/* End PBXGroup section */

/* Begin PBXNativeTarget section */
		3865834B26BE72ED00B89A0B /* TextFieldDemo */ = {
			isa = PBXNativeTarget;
			buildConfigurationList = 3865835B26BE72F200B89A0B /* Build configuration list for PBXNativeTarget "TextFieldDemo" */;
			buildPhases = (
				3865834826BE72ED00B89A0B /* Sources */,
				3865834926BE72ED00B89A0B /* Frameworks */,
				3865834A26BE72ED00B89A0B /* Resources */,
			);
			buildRules = (
			);
			dependencies = (
			);
			name = TextFieldDemo;
			productName = TextFieldDemo;
			productReference = 3865834C26BE72ED00B89A0B /* TextFieldDemo.app */;
			productType = "com.apple.product-type.application";
		};
/* End PBXNativeTarget section */

/* Begin PBXProject section */
		3865834426BE72ED00B89A0B /* Project object */ = {
			isa = PBXProject;
			attributes = {
				LastSwiftUpdateCheck = 1250;
				LastUpgradeCheck = 1250;
				TargetAttributes = {
					3865834B26BE72ED00B89A0B = {
						CreatedOnToolsVersion = 12.5;
					};
				};
			};
			buildConfigurationList = 3865834726BE72ED00B89A0B /* Build configuration list for PBXProject "TextFieldDemo" */;
			compatibilityVersion = "Xcode 9.3";
			developmentRegion = en;
			hasScannedForEncodings = 0;
			knownRegions = (
				en,
				Base,
			);
			mainGroup = 3865834326BE72ED00B89A0B;
			productRefGroup = 3865834D26BE72ED00B89A0B /* Products */;
			projectDirPath = "";
			projectRoot = "";
			targets = (
				3865834B26BE72ED00B89A0B /* TextFieldDemo */,
			);
		};
/* End PBXProject section */

/* Begin PBXResourcesBuildPhase section */
		3865834A26BE72ED00B89A0B /* Resources */ = {
			isa = PBXResourcesBuildPhase;
			buildActionMask = 2147483647;
			files = (
				3865835726BE72F200B89A0B /* Preview Assets.xcassets in Resources */,
				3865835426BE72F200B89A0B /* Assets.xcassets in Resources */,
			);
			runOnlyForDeploymentPostprocessing = 0;
		};
/* End PBXResourcesBuildPhase section */

/* Begin PBXSourcesBuildPhase section */
		3865834826BE72ED00B89A0B /* Sources */ = {
			isa = PBXSourcesBuildPhase;
			buildActionMask = 2147483647;
			files = (
				3865835226BE72ED00B89A0B /* ContentView.swift in Sources */,
				3865835026BE72ED00B89A0B /* TextFieldDemoApp.swift in Sources */,
				3865835F26BE751300B89A0B /* CustomTextFieldStyle.swift in Sources */,
			);
			runOnlyForDeploymentPostprocessing = 0;
		};
/* End PBXSourcesBuildPhase section */

/* Begin XCBuildConfiguration section */
		3865835926BE72F200B89A0B /* Debug */ = {
			isa = XCBuildConfiguration;
			buildSettings = {
				ALWAYS_SEARCH_USER_PATHS = NO;
				CLANG_ANALYZER_NONNULL = YES;
				CLANG_ANALYZER_NUMBER_OBJECT_CONVERSION = YES_AGGRESSIVE;
				CLANG_CXX_LANGUAGE_STANDARD = "gnu++14";
				CLANG_CXX_LIBRARY = "libc++";
				CLANG_ENABLE_MODULES = YES;
				CLANG_ENABLE_OBJC_ARC = YES;
				CLANG_ENABLE_OBJC_WEAK = YES;
				CLANG_WARN_BLOCK_CAPTURE_AUTORELEASING = YES;
				CLANG_WARN_BOOL_CONVERSION = YES;
				CLANG_WARN_COMMA = YES;
				CLANG_WARN_CONSTANT_CONVERSION = YES;
				CLANG_WARN_DEPRECATED_OBJC_IMPLEMENTATIONS = YES;
				CLANG_WARN_DIRECT_OBJC_ISA_USAGE = YES_ERROR;
				CLANG_WARN_DOCUMENTATION_COMMENTS = YES;
				CLANG_WARN_EMPTY_BODY = YES;
				CLANG_WARN_ENUM_CONVERSION = YES;
				CLANG_WARN_INFINITE_RECURSION = YES;
				CLANG_WARN_INT_CONVERSION = YES;
				CLANG_WARN_NON_LITERAL_NULL_CONVERSION = YES;
				CLANG_WARN_OBJC_IMPLICIT_RETAIN_SELF = YES;
				CLANG_WARN_OBJC_LITERAL_CONVERSION = YES;
				CLANG_WARN_OBJC_ROOT_CLASS = YES_ERROR;
				CLANG_WARN_QUOTED_INCLUDE_IN_FRAMEWORK_HEADER = YES;
				CLANG_WARN_RANGE_LOOP_ANALYSIS = YES;
				CLANG_WARN_STRICT_PROTOTYPES = YES;
				CLANG_WARN_SUSPICIOUS_MOVE = YES;
				CLANG_WARN_UNGUARDED_AVAILABILITY = YES_AGGRESSIVE;
				CLANG_WARN_UNREACHABLE_CODE = YES;
				CLANG_WARN__DUPLICATE_METHOD_MATCH = YES;
				COPY_PHASE_STRIP = NO;
				DEBUG_INFORMATION_FORMAT = dwarf;
				ENABLE_STRICT_OBJC_MSGSEND = YES;
				ENABLE_TESTABILITY = YES;
				GCC_C_LANGUAGE_STANDARD = gnu11;
				GCC_DYNAMIC_NO_PIC = NO;
				GCC_NO_COMMON_BLOCKS = YES;
				GCC_OPTIMIZATION_LEVEL = 0;
				GCC_PREPROCESSOR_DEFINITIONS = (
					"DEBUG=1",
					"$(inherited)",
				);
				GCC_WARN_64_TO_32_BIT_CONVERSION = YES;
				GCC_WARN_ABOUT_RETURN_TYPE = YES_ERROR;
				GCC_WARN_UNDECLARED_SELECTOR = YES;
				GCC_WARN_UNINITIALIZED_AUTOS = YES_AGGRESSIVE;
				GCC_WARN_UNUSED_FUNCTION = YES;
				GCC_WARN_UNUSED_VARIABLE = YES;
				IPHONEOS_DEPLOYMENT_TARGET = 14.5;
				MTL_ENABLE_DEBUG_INFO = INCLUDE_SOURCE;
				MTL_FAST_MATH = YES;
				ONLY_ACTIVE_ARCH = YES;
				SDKROOT = iphoneos;
				SWIFT_ACTIVE_COMPILATION_CONDITIONS = DEBUG;
				SWIFT_OPTIMIZATION_LEVEL = "-Onone";
			};
			name = Debug;
		};
		3865835A26BE72F200B89A0B /* Release */ = {
			isa = XCBuildConfiguration;
			buildSettings = {
				ALWAYS_SEARCH_USER_PATHS = NO;
				CLANG_ANALYZER_NONNULL = YES;
				CLANG_ANALYZER_NUMBER_OBJECT_CONVERSION = YES_AGGRESSIVE;
				CLANG_CXX_LANGUAGE_STANDARD = "gnu++14";
				CLANG_CXX_LIBRARY = "libc++";
				CLANG_ENABLE_MODULES = YES;
				CLANG_ENABLE_OBJC_ARC = YES;
				CLANG_ENABLE_OBJC_WEAK = YES;
				CLANG_WARN_BLOCK_CAPTURE_AUTORELEASING = YES;
				CLANG_WARN_BOOL_CONVERSION = YES;
				CLANG_WARN_COMMA = YES;
				CLANG_WARN_CONSTANT_CONVERSION = YES;
				CLANG_WARN_DEPRECATED_OBJC_IMPLEMENTATIONS = YES;
				CLANG_WARN_DIRECT_OBJC_ISA_USAGE = YES_ERROR;
				CLANG_WARN_DOCUMENTATION_COMMENTS = YES;
				CLANG_WARN_EMPTY_BODY = YES;
				CLANG_WARN_ENUM_CONVERSION = YES;
				CLANG_WARN_INFINITE_RECURSION = YES;
				CLANG_WARN_INT_CONVERSION = YES;
				CLANG_WARN_NON_LITERAL_NULL_CONVERSION = YES;
				CLANG_WARN_OBJC_IMPLICIT_RETAIN_SELF = YES;
				CLANG_WARN_OBJC_LITERAL_CONVERSION = YES;
				CLANG_WARN_OBJC_ROOT_CLASS = YES_ERROR;
				CLANG_WARN_QUOTED_INCLUDE_IN_FRAMEWORK_HEADER = YES;
				CLANG_WARN_RANGE_LOOP_ANALYSIS = YES;
				CLANG_WARN_STRICT_PROTOTYPES = YES;
				CLANG_WARN_SUSPICIOUS_MOVE = YES;
				CLANG_WARN_UNGUARDED_AVAILABILITY = YES_AGGRESSIVE;
				CLANG_WARN_UNREACHABLE_CODE = YES;
				CLANG_WARN__DUPLICATE_METHOD_MATCH = YES;
				COPY_PHASE_STRIP = NO;
				DEBUG_INFORMATION_FORMAT = "dwarf-with-dsym";
				ENABLE_NS_ASSERTIONS = NO;
				ENABLE_STRICT_OBJC_MSGSEND = YES;
				GCC_C_LANGUAGE_STANDARD = gnu11;
				GCC_NO_COMMON_BLOCKS = YES;
				GCC_WARN_64_TO_32_BIT_CONVERSION = YES;
				GCC_WARN_ABOUT_RETURN_TYPE = YES_ERROR;
				GCC_WARN_UNDECLARED_SELECTOR = YES;
				GCC_WARN_UNINITIALIZED_AUTOS = YES_AGGRESSIVE;
				GCC_WARN_UNUSED_FUNCTION = YES;
				GCC_WARN_UNUSED_VARIABLE = YES;
				IPHONEOS_DEPLOYMENT_TARGET = 14.5;
				MTL_ENABLE_DEBUG_INFO = NO;
				MTL_FAST_MATH = YES;
				SDKROOT = iphoneos;
				SWIFT_COMPILATION_MODE = wholemodule;
				SWIFT_OPTIMIZATION_LEVEL = "-O";
				VALIDATE_PRODUCT = YES;
			};
			name = Release;
		};
		3865835C26BE72F200B89A0B /* Debug */ = {
			isa = XCBuildConfiguration;
			buildSettings = {
				ASSETCATALOG_COMPILER_APPICON_NAME = AppIcon;
				ASSETCATALOG_COMPILER_GLOBAL_ACCENT_COLOR_NAME = AccentColor;
				CODE_SIGN_STYLE = Automatic;
				DEVELOPMENT_ASSET_PATHS = "\"TextFieldDemo/Preview Content\"";
				DEVELOPMENT_TEAM = UM77RT2RUA;
				ENABLE_PREVIEWS = YES;
				INFOPLIST_FILE = TextFieldDemo/Info.plist;
				IPHONEOS_DEPLOYMENT_TARGET = 14.0;
				LD_RUNPATH_SEARCH_PATHS = (
					"$(inherited)",
					"@executable_path/Frameworks",
				);
				PRODUCT_BUNDLE_IDENTIFIER = com.codewithAlish.TextFieldDemo;
				PRODUCT_NAME = "$(TARGET_NAME)";
				SWIFT_VERSION = 5.0;
				TARGETED_DEVICE_FAMILY = "1,2";
			};
			name = Debug;
		};
		3865835D26BE72F200B89A0B /* Release */ = {
			isa = XCBuildConfiguration;
			buildSettings = {
				ASSETCATALOG_COMPILER_APPICON_NAME = AppIcon;
				ASSETCATALOG_COMPILER_GLOBAL_ACCENT_COLOR_NAME = AccentColor;
				CODE_SIGN_STYLE = Automatic;
				DEVELOPMENT_ASSET_PATHS = "\"TextFieldDemo/Preview Content\"";
				DEVELOPMENT_TEAM = UM77RT2RUA;
				ENABLE_PREVIEWS = YES;
				INFOPLIST_FILE = TextFieldDemo/Info.plist;
				IPHONEOS_DEPLOYMENT_TARGET = 14.0;
				LD_RUNPATH_SEARCH_PATHS = (
					"$(inherited)",
					"@executable_path/Frameworks",
				);
				PRODUCT_BUNDLE_IDENTIFIER = com.codewithAlish.TextFieldDemo;
				PRODUCT_NAME = "$(TARGET_NAME)";
				SWIFT_VERSION = 5.0;
				TARGETED_DEVICE_FAMILY = "1,2";
			};
			name = Release;
		};
/* End XCBuildConfiguration section */

/* Begin XCConfigurationList section */
		3865834726BE72ED00B89A0B /* Build configuration list for PBXProject "TextFieldDemo" */ = {
			isa = XCConfigurationList;
			buildConfigurations = (
				3865835926BE72F200B89A0B /* Debug */,
				3865835A26BE72F200B89A0B /* Release */,
			);
			defaultConfigurationIsVisible = 0;
			defaultConfigurationName = Release;
		};
		3865835B26BE72F200B89A0B /* Build configuration list for PBXNativeTarget "TextFieldDemo" */ = {
			isa = XCConfigurationList;
			buildConfigurations = (
				3865835C26BE72F200B89A0B /* Debug */,
				3865835D26BE72F200B89A0B /* Release */,
			);
			defaultConfigurationIsVisible = 0;
			defaultConfigurationName = Release;
		};
/* End XCConfigurationList section */
	};
	rootObject = 3865834426BE72ED00B89A0B /* Project object */;
}
